// !$*UTF8*$!
{
	archiveVersion = 1;
	classes = {
	};
	objectVersion = 50;
	objects = {

/* Begin PBXBuildFile section */
		CB19770526405B5F00EB43B2 /* AppDelegate.swift in Sources */ = {isa = PBXBuildFile; fileRef = CB19770426405B5F00EB43B2 /* AppDelegate.swift */; };
		CB19770726405B5F00EB43B2 /* SceneDelegate.swift in Sources */ = {isa = PBXBuildFile; fileRef = CB19770626405B5F00EB43B2 /* SceneDelegate.swift */; };
		CB19770926405B5F00EB43B2 /* ViewController.swift in Sources */ = {isa = PBXBuildFile; fileRef = CB19770826405B5F00EB43B2 /* ViewController.swift */; };
		CB19770C26405B5F00EB43B2 /* Main.storyboard in Resources */ = {isa = PBXBuildFile; fileRef = CB19770A26405B5F00EB43B2 /* Main.storyboard */; };
		CB19770E26405B6200EB43B2 /* Assets.xcassets in Resources */ = {isa = PBXBuildFile; fileRef = CB19770D26405B6200EB43B2 /* Assets.xcassets */; };
		CB19771126405B6200EB43B2 /* LaunchScreen.storyboard in Resources */ = {isa = PBXBuildFile; fileRef = CB19770F26405B6200EB43B2 /* LaunchScreen.storyboard */; };
		CB19771C26405B6300EB43B2 /* My_First_ProjTests.swift in Sources */ = {isa = PBXBuildFile; fileRef = CB19771B26405B6300EB43B2 /* My_First_ProjTests.swift */; };
		CB19772726405B6300EB43B2 /* My_First_ProjUITests.swift in Sources */ = {isa = PBXBuildFile; fileRef = CB19772626405B6300EB43B2 /* My_First_ProjUITests.swift */; };
/* End PBXBuildFile section */

/* Begin PBXContainerItemProxy section */
		CB19771826405B6300EB43B2 /* PBXContainerItemProxy */ = {
			isa = PBXContainerItemProxy;
			containerPortal = CB1976F926405B5F00EB43B2 /* Project object */;
			proxyType = 1;
			remoteGlobalIDString = CB19770026405B5F00EB43B2;
			remoteInfo = "My First Proj";
		};
		CB19772326405B6300EB43B2 /* PBXContainerItemProxy */ = {
			isa = PBXContainerItemProxy;
			containerPortal = CB1976F926405B5F00EB43B2 /* Project object */;
			proxyType = 1;
			remoteGlobalIDString = CB19770026405B5F00EB43B2;
			remoteInfo = "My First Proj";
		};
/* End PBXContainerItemProxy section */

/* Begin PBXFileReference section */
		CB19770126405B5F00EB43B2 /* My First Proj.app */ = {isa = PBXFileReference; explicitFileType = wrapper.application; includeInIndex = 0; path = "My First Proj.app"; sourceTree = BUILT_PRODUCTS_DIR; };
		CB19770426405B5F00EB43B2 /* AppDelegate.swift */ = {isa = PBXFileReference; lastKnownFileType = sourcecode.swift; path = AppDelegate.swift; sourceTree = "<group>"; };
		CB19770626405B5F00EB43B2 /* SceneDelegate.swift */ = {isa = PBXFileReference; lastKnownFileType = sourcecode.swift; path = SceneDelegate.swift; sourceTree = "<group>"; };
		CB19770826405B5F00EB43B2 /* ViewController.swift */ = {isa = PBXFileReference; lastKnownFileType = sourcecode.swift; path = ViewController.swift; sourceTree = "<group>"; };
		CB19770B26405B5F00EB43B2 /* Base */ = {isa = PBXFileReference; lastKnownFileType = file.storyboard; name = Base; path = Base.lproj/Main.storyboard; sourceTree = "<group>"; };
		CB19770D26405B6200EB43B2 /* Assets.xcassets */ = {isa = PBXFileReference; lastKnownFileType = folder.assetcatalog; path = Assets.xcassets; sourceTree = "<group>"; };
		CB19771026405B6200EB43B2 /* Base */ = {isa = PBXFileReference; lastKnownFileType = file.storyboard; name = Base; path = Base.lproj/LaunchScreen.storyboard; sourceTree = "<group>"; };
		CB19771226405B6200EB43B2 /* Info.plist */ = {isa = PBXFileReference; lastKnownFileType = text.plist.xml; path = Info.plist; sourceTree = "<group>"; };
		CB19771726405B6300EB43B2 /* My First ProjTests.xctest */ = {isa = PBXFileReference; explicitFileType = wrapper.cfbundle; includeInIndex = 0; path = "My First ProjTests.xctest"; sourceTree = BUILT_PRODUCTS_DIR; };
		CB19771B26405B6300EB43B2 /* My_First_ProjTests.swift */ = {isa = PBXFileReference; lastKnownFileType = sourcecode.swift; path = My_First_ProjTests.swift; sourceTree = "<group>"; };
		CB19771D26405B6300EB43B2 /* Info.plist */ = {isa = PBXFileReference; lastKnownFileType = text.plist.xml; path = Info.plist; sourceTree = "<group>"; };
		CB19772226405B6300EB43B2 /* My First ProjUITests.xctest */ = {isa = PBXFileReference; explicitFileType = wrapper.cfbundle; includeInIndex = 0; path = "My First ProjUITests.xctest"; sourceTree = BUILT_PRODUCTS_DIR; };
		CB19772626405B6300EB43B2 /* My_First_ProjUITests.swift */ = {isa = PBXFileReference; lastKnownFileType = sourcecode.swift; path = My_First_ProjUITests.swift; sourceTree = "<group>"; };
		CB19772826405B6300EB43B2 /* Info.plist */ = {isa = PBXFileReference; lastKnownFileType = text.plist.xml; path = Info.plist; sourceTree = "<group>"; };
/* End PBXFileReference section */

/* Begin PBXFrameworksBuildPhase section */
		CB1976FE26405B5F00EB43B2 /* Frameworks */ = {
			isa = PBXFrameworksBuildPhase;
			buildActionMask = 2147483647;
			files = (
			);
			runOnlyForDeploymentPostprocessing = 0;
		};
		CB19771426405B6200EB43B2 /* Frameworks */ = {
			isa = PBXFrameworksBuildPhase;
			buildActionMask = 2147483647;
			files = (
			);
			runOnlyForDeploymentPostprocessing = 0;
		};
		CB19771F26405B6300EB43B2 /* Frameworks */ = {
			isa = PBXFrameworksBuildPhase;
			buildActionMask = 2147483647;
			files = (
			);
			runOnlyForDeploymentPostprocessing = 0;
		};
/* End PBXFrameworksBuildPhase section */

/* Begin PBXGroup section */
		CB1976F826405B5F00EB43B2 = {
			isa = PBXGroup;
			children = (
				CB19770326405B5F00EB43B2 /* My First Proj */,
				CB19771A26405B6300EB43B2 /* My First ProjTests */,
				CB19772526405B6300EB43B2 /* My First ProjUITests */,
				CB19770226405B5F00EB43B2 /* Products */,
			);
			sourceTree = "<group>";
		};
		CB19770226405B5F00EB43B2 /* Products */ = {
			isa = PBXGroup;
			children = (
				CB19770126405B5F00EB43B2 /* My First Proj.app */,
				CB19771726405B6300EB43B2 /* My First ProjTests.xctest */,
				CB19772226405B6300EB43B2 /* My First ProjUITests.xctest */,
			);
			name = Products;
			sourceTree = "<group>";
		};
		CB19770326405B5F00EB43B2 /* My First Proj */ = {
			isa = PBXGroup;
			children = (
				CB19770426405B5F00EB43B2 /* AppDelegate.swift */,
				CB19770626405B5F00EB43B2 /* SceneDelegate.swift */,
				CB19770826405B5F00EB43B2 /* ViewController.swift */,
				CB19770A26405B5F00EB43B2 /* Main.storyboard */,
				CB19770D26405B6200EB43B2 /* Assets.xcassets */,
				CB19770F26405B6200EB43B2 /* LaunchScreen.storyboard */,
				CB19771226405B6200EB43B2 /* Info.plist */,
			);
			path = "My First Proj";
			sourceTree = "<group>";
		};
		CB19771A26405B6300EB43B2 /* My First ProjTests */ = {
			isa = PBXGroup;
			children = (
				CB19771B26405B6300EB43B2 /* My_First_ProjTests.swift */,
				CB19771D26405B6300EB43B2 /* Info.plist */,
			);
			path = "My First ProjTests";
			sourceTree = "<group>";
		};
		CB19772526405B6300EB43B2 /* My First ProjUITests */ = {
			isa = PBXGroup;
			children = (
				CB19772626405B6300EB43B2 /* My_First_ProjUITests.swift */,
				CB19772826405B6300EB43B2 /* Info.plist */,
			);
			path = "My First ProjUITests";
			sourceTree = "<group>";
		};
/* End PBXGroup section */

/* Begin PBXNativeTarget section */
		CB19770026405B5F00EB43B2 /* My First Proj */ = {
			isa = PBXNativeTarget;
			buildConfigurationList = CB19772B26405B6300EB43B2 /* Build configuration list for PBXNativeTarget "My First Proj" */;
			buildPhases = (
				CB1976FD26405B5F00EB43B2 /* Sources */,
				CB1976FE26405B5F00EB43B2 /* Frameworks */,
				CB1976FF26405B5F00EB43B2 /* Resources */,
			);
			buildRules = (
			);
			dependencies = (
			);
			name = "My First Proj";
			productName = "My First Proj";
			productReference = CB19770126405B5F00EB43B2 /* My First Proj.app */;
			productType = "com.apple.product-type.application";
		};
		CB19771626405B6200EB43B2 /* My First ProjTests */ = {
			isa = PBXNativeTarget;
			buildConfigurationList = CB19772E26405B6300EB43B2 /* Build configuration list for PBXNativeTarget "My First ProjTests" */;
			buildPhases = (
				CB19771326405B6200EB43B2 /* Sources */,
				CB19771426405B6200EB43B2 /* Frameworks */,
				CB19771526405B6200EB43B2 /* Resources */,
			);
			buildRules = (
			);
			dependencies = (
				CB19771926405B6300EB43B2 /* PBXTargetDependency */,
			);
			name = "My First ProjTests";
			productName = "My First ProjTests";
			productReference = CB19771726405B6300EB43B2 /* My First ProjTests.xctest */;
			productType = "com.apple.product-type.bundle.unit-test";
		};
		CB19772126405B6300EB43B2 /* My First ProjUITests */ = {
			isa = PBXNativeTarget;
			buildConfigurationList = CB19773126405B6300EB43B2 /* Build configuration list for PBXNativeTarget "My First ProjUITests" */;
			buildPhases = (
				CB19771E26405B6300EB43B2 /* Sources */,
				CB19771F26405B6300EB43B2 /* Frameworks */,
				CB19772026405B6300EB43B2 /* Resources */,
			);
			buildRules = (
			);
			dependencies = (
				CB19772426405B6300EB43B2 /* PBXTargetDependency */,
			);
			name = "My First ProjUITests";
			productName = "My First ProjUITests";
			productReference = CB19772226405B6300EB43B2 /* My First ProjUITests.xctest */;
			productType = "com.apple.product-type.bundle.ui-testing";
		};
/* End PBXNativeTarget section */

/* Begin PBXProject section */
		CB1976F926405B5F00EB43B2 /* Project object */ = {
			isa = PBXProject;
			attributes = {
				LastSwiftUpdateCheck = 1240;
				LastUpgradeCheck = 1240;
				TargetAttributes = {
					CB19770026405B5F00EB43B2 = {
						CreatedOnToolsVersion = 12.4;
					};
					CB19771626405B6200EB43B2 = {
						CreatedOnToolsVersion = 12.4;
						TestTargetID = CB19770026405B5F00EB43B2;
					};
					CB19772126405B6300EB43B2 = {
						CreatedOnToolsVersion = 12.4;
						TestTargetID = CB19770026405B5F00EB43B2;
					};
				};
			};
			buildConfigurationList = CB1976FC26405B5F00EB43B2 /* Build configuration list for PBXProject "My First Proj" */;
			compatibilityVersion = "Xcode 9.3";
			developmentRegion = en;
			hasScannedForEncodings = 0;
			knownRegions = (
				en,
				Base,
			);
			mainGroup = CB1976F826405B5F00EB43B2;
			productRefGroup = CB19770226405B5F00EB43B2 /* Products */;
			projectDirPath = "";
			projectRoot = "";
			targets = (
				CB19770026405B5F00EB43B2 /* My First Proj */,
				CB19771626405B6200EB43B2 /* My First ProjTests */,
				CB19772126405B6300EB43B2 /* My First ProjUITests */,
			);
		};
/* End PBXProject section */

/* Begin PBXResourcesBuildPhase section */
		CB1976FF26405B5F00EB43B2 /* Resources */ = {
			isa = PBXResourcesBuildPhase;
			buildActionMask = 2147483647;
			files = (
				CB19771126405B6200EB43B2 /* LaunchScreen.storyboard in Resources */,
				CB19770E26405B6200EB43B2 /* Assets.xcassets in Resources */,
				CB19770C26405B5F00EB43B2 /* Main.storyboard in Resources */,
			);
			runOnlyForDeploymentPostprocessing = 0;
		};
		CB19771526405B6200EB43B2 /* Resources */ = {
			isa = PBXResourcesBuildPhase;
			buildActionMask = 2147483647;
			files = (
			);
			runOnlyForDeploymentPostprocessing = 0;
		};
		CB19772026405B6300EB43B2 /* Resources */ = {
			isa = PBXResourcesBuildPhase;
			buildActionMask = 2147483647;
			files = (
			);
			runOnlyForDeploymentPostprocessing = 0;
		};
/* End PBXResourcesBuildPhase section */

/* Begin PBXSourcesBuildPhase section */
		CB1976FD26405B5F00EB43B2 /* Sources */ = {
			isa = PBXSourcesBuildPhase;
			buildActionMask = 2147483647;
			files = (
				CB19770926405B5F00EB43B2 /* ViewController.swift in Sources */,
				CB19770526405B5F00EB43B2 /* AppDelegate.swift in Sources */,
				CB19770726405B5F00EB43B2 /* SceneDelegate.swift in Sources */,
			);
			runOnlyForDeploymentPostprocessing = 0;
		};
		CB19771326405B6200EB43B2 /* Sources */ = {
			isa = PBXSourcesBuildPhase;
			buildActionMask = 2147483647;
			files = (
				CB19771C26405B6300EB43B2 /* My_First_ProjTests.swift in Sources */,
			);
			runOnlyForDeploymentPostprocessing = 0;
		};
		CB19771E26405B6300EB43B2 /* Sources */ = {
			isa = PBXSourcesBuildPhase;
			buildActionMask = 2147483647;
			files = (
				CB19772726405B6300EB43B2 /* My_First_ProjUITests.swift in Sources */,
			);
			runOnlyForDeploymentPostprocessing = 0;
		};
/* End PBXSourcesBuildPhase section */

/* Begin PBXTargetDependency section */
		CB19771926405B6300EB43B2 /* PBXTargetDependency */ = {
			isa = PBXTargetDependency;
			target = CB19770026405B5F00EB43B2 /* My First Proj */;
			targetProxy = CB19771826405B6300EB43B2 /* PBXContainerItemProxy */;
		};
		CB19772426405B6300EB43B2 /* PBXTargetDependency */ = {
			isa = PBXTargetDependency;
			target = CB19770026405B5F00EB43B2 /* My First Proj */;
			targetProxy = CB19772326405B6300EB43B2 /* PBXContainerItemProxy */;
		};
/* End PBXTargetDependency section */

/* Begin PBXVariantGroup section */
		CB19770A26405B5F00EB43B2 /* Main.storyboard */ = {
			isa = PBXVariantGroup;
			children = (
				CB19770B26405B5F00EB43B2 /* Base */,
			);
			name = Main.storyboard;
			sourceTree = "<group>";
		};
		CB19770F26405B6200EB43B2 /* LaunchScreen.storyboard */ = {
			isa = PBXVariantGroup;
			children = (
				CB19771026405B6200EB43B2 /* Base */,
			);
			name = LaunchScreen.storyboard;
			sourceTree = "<group>";
		};
/* End PBXVariantGroup section */

/* Begin XCBuildConfiguration section */
		CB19772926405B6300EB43B2 /* Debug */ = {
			isa = XCBuildConfiguration;
			buildSettings = {
				ALWAYS_SEARCH_USER_PATHS = NO;
				CLANG_ANALYZER_NONNULL = YES;
				CLANG_ANALYZER_NUMBER_OBJECT_CONVERSION = YES_AGGRESSIVE;
				CLANG_CXX_LANGUAGE_STANDARD = "gnu++14";
				CLANG_CXX_LIBRARY = "libc++";
				CLANG_ENABLE_MODULES = YES;
				CLANG_ENABLE_OBJC_ARC = YES;
				CLANG_ENABLE_OBJC_WEAK = YES;
				CLANG_WARN_BLOCK_CAPTURE_AUTORELEASING = YES;
				CLANG_WARN_BOOL_CONVERSION = YES;
				CLANG_WARN_COMMA = YES;
				CLANG_WARN_CONSTANT_CONVERSION = YES;
				CLANG_WARN_DEPRECATED_OBJC_IMPLEMENTATIONS = YES;
				CLANG_WARN_DIRECT_OBJC_ISA_USAGE = YES_ERROR;
				CLANG_WARN_DOCUMENTATION_COMMENTS = YES;
				CLANG_WARN_EMPTY_BODY = YES;
				CLANG_WARN_ENUM_CONVERSION = YES;
				CLANG_WARN_INFINITE_RECURSION = YES;
				CLANG_WARN_INT_CONVERSION = YES;
				CLANG_WARN_NON_LITERAL_NULL_CONVERSION = YES;
				CLANG_WARN_OBJC_IMPLICIT_RETAIN_SELF = YES;
				CLANG_WARN_OBJC_LITERAL_CONVERSION = YES;
				CLANG_WARN_OBJC_ROOT_CLASS = YES_ERROR;
				CLANG_WARN_QUOTED_INCLUDE_IN_FRAMEWORK_HEADER = YES;
				CLANG_WARN_RANGE_LOOP_ANALYSIS = YES;
				CLANG_WARN_STRICT_PROTOTYPES = YES;
				CLANG_WARN_SUSPICIOUS_MOVE = YES;
				CLANG_WARN_UNGUARDED_AVAILABILITY = YES_AGGRESSIVE;
				CLANG_WARN_UNREACHABLE_CODE = YES;
				CLANG_WARN__DUPLICATE_METHOD_MATCH = YES;
				COPY_PHASE_STRIP = NO;
				DEBUG_INFORMATION_FORMAT = dwarf;
				ENABLE_STRICT_OBJC_MSGSEND = YES;
				ENABLE_TESTABILITY = YES;
				GCC_C_LANGUAGE_STANDARD = gnu11;
				GCC_DYNAMIC_NO_PIC = NO;
				GCC_NO_COMMON_BLOCKS = YES;
				GCC_OPTIMIZATION_LEVEL = 0;
				GCC_PREPROCESSOR_DEFINITIONS = (
					"DEBUG=1",
					"$(inherited)",
				);
				GCC_WARN_64_TO_32_BIT_CONVERSION = YES;
				GCC_WARN_ABOUT_RETURN_TYPE = YES_ERROR;
				GCC_WARN_UNDECLARED_SELECTOR = YES;
				GCC_WARN_UNINITIALIZED_AUTOS = YES_AGGRESSIVE;
				GCC_WARN_UNUSED_FUNCTION = YES;
				GCC_WARN_UNUSED_VARIABLE = YES;
				IPHONEOS_DEPLOYMENT_TARGET = 14.4;
				MTL_ENABLE_DEBUG_INFO = INCLUDE_SOURCE;
				MTL_FAST_MATH = YES;
				ONLY_ACTIVE_ARCH = YES;
				SDKROOT = iphoneos;
				SWIFT_ACTIVE_COMPILATION_CONDITIONS = DEBUG;
				SWIFT_OPTIMIZATION_LEVEL = "-Onone";
			};
			name = Debug;
		};
		CB19772A26405B6300EB43B2 /* Release */ = {
			isa = XCBuildConfiguration;
			buildSettings = {
				ALWAYS_SEARCH_USER_PATHS = NO;
				CLANG_ANALYZER_NONNULL = YES;
				CLANG_ANALYZER_NUMBER_OBJECT_CONVERSION = YES_AGGRESSIVE;
				CLANG_CXX_LANGUAGE_STANDARD = "gnu++14";
				CLANG_CXX_LIBRARY = "libc++";
				CLANG_ENABLE_MODULES = YES;
				CLANG_ENABLE_OBJC_ARC = YES;
				CLANG_ENABLE_OBJC_WEAK = YES;
				CLANG_WARN_BLOCK_CAPTURE_AUTORELEASING = YES;
				CLANG_WARN_BOOL_CONVERSION = YES;
				CLANG_WARN_COMMA = YES;
				CLANG_WARN_CONSTANT_CONVERSION = YES;
				CLANG_WARN_DEPRECATED_OBJC_IMPLEMENTATIONS = YES;
				CLANG_WARN_DIRECT_OBJC_ISA_USAGE = YES_ERROR;
				CLANG_WARN_DOCUMENTATION_COMMENTS = YES;
				CLANG_WARN_EMPTY_BODY = YES;
				CLANG_WARN_ENUM_CONVERSION = YES;
				CLANG_WARN_INFINITE_RECURSION = YES;
				CLANG_WARN_INT_CONVERSION = YES;
				CLANG_WARN_NON_LITERAL_NULL_CONVERSION = YES;
				CLANG_WARN_OBJC_IMPLICIT_RETAIN_SELF = YES;
				CLANG_WARN_OBJC_LITERAL_CONVERSION = YES;
				CLANG_WARN_OBJC_ROOT_CLASS = YES_ERROR;
				CLANG_WARN_QUOTED_INCLUDE_IN_FRAMEWORK_HEADER = YES;
				CLANG_WARN_RANGE_LOOP_ANALYSIS = YES;
				CLANG_WARN_STRICT_PROTOTYPES = YES;
				CLANG_WARN_SUSPICIOUS_MOVE = YES;
				CLANG_WARN_UNGUARDED_AVAILABILITY = YES_AGGRESSIVE;
				CLANG_WARN_UNREACHABLE_CODE = YES;
				CLANG_WARN__DUPLICATE_METHOD_MATCH = YES;
				COPY_PHASE_STRIP = NO;
				DEBUG_INFORMATION_FORMAT = "dwarf-with-dsym";
				ENABLE_NS_ASSERTIONS = NO;
				ENABLE_STRICT_OBJC_MSGSEND = YES;
				GCC_C_LANGUAGE_STANDARD = gnu11;
				GCC_NO_COMMON_BLOCKS = YES;
				GCC_WARN_64_TO_32_BIT_CONVERSION = YES;
				GCC_WARN_ABOUT_RETURN_TYPE = YES_ERROR;
				GCC_WARN_UNDECLARED_SELECTOR = YES;
				GCC_WARN_UNINITIALIZED_AUTOS = YES_AGGRESSIVE;
				GCC_WARN_UNUSED_FUNCTION = YES;
				GCC_WARN_UNUSED_VARIABLE = YES;
				IPHONEOS_DEPLOYMENT_TARGET = 14.4;
				MTL_ENABLE_DEBUG_INFO = NO;
				MTL_FAST_MATH = YES;
				SDKROOT = iphoneos;
				SWIFT_COMPILATION_MODE = wholemodule;
				SWIFT_OPTIMIZATION_LEVEL = "-O";
				VALIDATE_PRODUCT = YES;
			};
			name = Release;
		};
		CB19772C26405B6300EB43B2 /* Debug */ = {
			isa = XCBuildConfiguration;
			buildSettings = {
				ASSETCATALOG_COMPILER_APPICON_NAME = AppIcon;
				ASSETCATALOG_COMPILER_GLOBAL_ACCENT_COLOR_NAME = AccentColor;
				CODE_SIGN_STYLE = Automatic;
				DEVELOPMENT_TEAM = 94S6ZR89BM;
				INFOPLIST_FILE = "My First Proj/Info.plist";
				LD_RUNPATH_SEARCH_PATHS = (
					"$(inherited)",
					"@executable_path/Frameworks",
				);
				PRODUCT_BUNDLE_IDENTIFIER = "com.app.My-First-Proj";
				PRODUCT_NAME = "$(TARGET_NAME)";
				SWIFT_VERSION = 5.0;
				TARGETED_DEVICE_FAMILY = "1,2";
			};
			name = Debug;
		};
		CB19772D26405B6300EB43B2 /* Release */ = {
			isa = XCBuildConfiguration;
			buildSettings = {
				ASSETCATALOG_COMPILER_APPICON_NAME = AppIcon;
				ASSETCATALOG_COMPILER_GLOBAL_ACCENT_COLOR_NAME = AccentColor;
				CODE_SIGN_STYLE = Automatic;
				DEVELOPMENT_TEAM = 94S6ZR89BM;
				INFOPLIST_FILE = "My First Proj/Info.plist";
				LD_RUNPATH_SEARCH_PATHS = (
					"$(inherited)",
					"@executable_path/Frameworks",
				);
				PRODUCT_BUNDLE_IDENTIFIER = "com.app.My-First-Proj";
				PRODUCT_NAME = "$(TARGET_NAME)";
				SWIFT_VERSION = 5.0;
				TARGETED_DEVICE_FAMILY = "1,2";
			};
			name = Release;
		};
		CB19772F26405B6300EB43B2 /* Debug */ = {
			isa = XCBuildConfiguration;
			buildSettings = {
				ALWAYS_EMBED_SWIFT_STANDARD_LIBRARIES = YES;
				BUNDLE_LOADER = "$(TEST_HOST)";
				CODE_SIGN_STYLE = Automatic;
				DEVELOPMENT_TEAM = 94S6ZR89BM;
				INFOPLIST_FILE = "My First ProjTests/Info.plist";
				IPHONEOS_DEPLOYMENT_TARGET = 14.4;
				LD_RUNPATH_SEARCH_PATHS = (
					"$(inherited)",
					"@executable_path/Frameworks",
					"@loader_path/Frameworks",
				);
				PRODUCT_BUNDLE_IDENTIFIER = "com.app.My-First-ProjTests";
				PRODUCT_NAME = "$(TARGET_NAME)";
				SWIFT_VERSION = 5.0;
				TARGETED_DEVICE_FAMILY = "1,2";
				TEST_HOST = "$(BUILT_PRODUCTS_DIR)/My First Proj.app/My First Proj";
			};
			name = Debug;
		};
		CB19773026405B6300EB43B2 /* Release */ = {
			isa = XCBuildConfiguration;
			buildSettings = {
				ALWAYS_EMBED_SWIFT_STANDARD_LIBRARIES = YES;
				BUNDLE_LOADER = "$(TEST_HOST)";
				CODE_SIGN_STYLE = Automatic;
				DEVELOPMENT_TEAM = 94S6ZR89BM;
				INFOPLIST_FILE = "My First ProjTests/Info.plist";
				IPHONEOS_DEPLOYMENT_TARGET = 14.4;
				LD_RUNPATH_SEARCH_PATHS = (
					"$(inherited)",
					"@executable_path/Frameworks",
					"@loader_path/Frameworks",
				);
				PRODUCT_BUNDLE_IDENTIFIER = "com.app.My-First-ProjTests";
				PRODUCT_NAME = "$(TARGET_NAME)";
				SWIFT_VERSION = 5.0;
				TARGETED_DEVICE_FAMILY = "1,2";
				TEST_HOST = "$(BUILT_PRODUCTS_DIR)/My First Proj.app/My First Proj";
			};
			name = Release;
		};
		CB19773226405B6300EB43B2 /* Debug */ = {
			isa = XCBuildConfiguration;
			buildSettings = {
				ALWAYS_EMBED_SWIFT_STANDARD_LIBRARIES = YES;
				CODE_SIGN_STYLE = Automatic;
				DEVELOPMENT_TEAM = 94S6ZR89BM;
				INFOPLIST_FILE = "My First ProjUITests/Info.plist";
				LD_RUNPATH_SEARCH_PATHS = (
					"$(inherited)",
					"@executable_path/Frameworks",
					"@loader_path/Frameworks",
				);
				PRODUCT_BUNDLE_IDENTIFIER = "com.app.My-First-ProjUITests";
				PRODUCT_NAME = "$(TARGET_NAME)";
				SWIFT_VERSION = 5.0;
				TARGETED_DEVICE_FAMILY = "1,2";
				TEST_TARGET_NAME = "My First Proj";
			};
			name = Debug;
		};
		CB19773326405B6300EB43B2 /* Release */ = {
			isa = XCBuildConfiguration;
			buildSettings = {
				ALWAYS_EMBED_SWIFT_STANDARD_LIBRARIES = YES;
				CODE_SIGN_STYLE = Automatic;
				DEVELOPMENT_TEAM = 94S6ZR89BM;
				INFOPLIST_FILE = "My First ProjUITests/Info.plist";
				LD_RUNPATH_SEARCH_PATHS = (
					"$(inherited)",
					"@executable_path/Frameworks",
					"@loader_path/Frameworks",
				);
				PRODUCT_BUNDLE_IDENTIFIER = "com.app.My-First-ProjUITests";
				PRODUCT_NAME = "$(TARGET_NAME)";
				SWIFT_VERSION = 5.0;
				TARGETED_DEVICE_FAMILY = "1,2";
				TEST_TARGET_NAME = "My First Proj";
			};
			name = Release;
		};
/* End XCBuildConfiguration section */

/* Begin XCConfigurationList section */
		CB1976FC26405B5F00EB43B2 /* Build configuration list for PBXProject "My First Proj" */ = {
			isa = XCConfigurationList;
			buildConfigurations = (
				CB19772926405B6300EB43B2 /* Debug */,
				CB19772A26405B6300EB43B2 /* Release */,
			);
			defaultConfigurationIsVisible = 0;
			defaultConfigurationName = Release;
		};
		CB19772B26405B6300EB43B2 /* Build configuration list for PBXNativeTarget "My First Proj" */ = {
			isa = XCConfigurationList;
			buildConfigurations = (
				CB19772C26405B6300EB43B2 /* Debug */,
				CB19772D26405B6300EB43B2 /* Release */,
			);
			defaultConfigurationIsVisible = 0;
			defaultConfigurationName = Release;
		};
		CB19772E26405B6300EB43B2 /* Build configuration list for PBXNativeTarget "My First ProjTests" */ = {
			isa = XCConfigurationList;
			buildConfigurations = (
				CB19772F26405B6300EB43B2 /* Debug */,
				CB19773026405B6300EB43B2 /* Release */,
			);
			defaultConfigurationIsVisible = 0;
			defaultConfigurationName = Release;
		};
		CB19773126405B6300EB43B2 /* Build configuration list for PBXNativeTarget "My First ProjUITests" */ = {
			isa = XCConfigurationList;
			buildConfigurations = (
				CB19773226405B6300EB43B2 /* Debug */,
				CB19773326405B6300EB43B2 /* Release */,
			);
			defaultConfigurationIsVisible = 0;
			defaultConfigurationName = Release;
		};
/* End XCConfigurationList section */
	};
	rootObject = CB1976F926405B5F00EB43B2 /* Project object */;
}
